
Microsoft Visual Studio Solution File, Format Version 12.00
# Visual Studio Version 17
VisualStudioVersion = 17.1.32328.378
MinimumVisualStudioVersion = 10.0.40219.1
Project("{FAE04EC0-301F-11D3-BF4B-00C04F79EFBC}") = "MyFirstRepo", "MyFirstRepo.csproj", "{FF24DDB9-C2D2-4912-BFA8-AC26703FAFEF}"
EndProject
Global
	GlobalSection(SolutionConfigurationPlatforms) = preSolution
		Debug|Any CPU = Debug|Any CPU
		Release|Any CPU = Release|Any CPU
	EndGlobalSection
	GlobalSection(ProjectConfigurationPlatforms) = postSolution
		{FF24DDB9-C2D2-4912-BFA8-AC26703FAFEF}.Debug|Any CPU.ActiveCfg = Debug|Any CPU
		{FF24DDB9-C2D2-4912-BFA8-AC26703FAFEF}.Debug|Any CPU.Build.0 = Debug|Any CPU
		{FF24DDB9-C2D2-4912-BFA8-AC26703FAFEF}.Release|Any CPU.ActiveCfg = Release|Any CPU
		{FF24DDB9-C2D2-4912-BFA8-AC26703FAFEF}.Release|Any CPU.Build.0 = Release|Any CPU
	EndGlobalSection
	GlobalSection(SolutionProperties) = preSolution
		HideSolutionNode = FALSE
	EndGlobalSection
	GlobalSection(ExtensibilityGlobals) = postSolution
		SolutionGuid = {9DAAB452-72A0-4C4B-8589-A265D5B44279}
	EndGlobalSection
EndGlobal
